
Microsoft Visual Studio Solution File, Format Version 12.00
# Visual Studio Version 16
VisualStudioVersion = 16.0.30114.105
MinimumVisualStudioVersion = 10.0.40219.1
Project("{FAE04EC0-301F-11D3-BF4B-00C04F79EFBC}") = "ProductCatalog", "ProductCatalog\ProductCatalog.csproj", "{2E45C4B8-D365-4796-ADD0-5A69A0B98FF9}"
EndProject
Global
	GlobalSection(SolutionConfigurationPlatforms) = preSolution
		Debug|Any CPU = Debug|Any CPU
		Release|Any CPU = Release|Any CPU
	EndGlobalSection
	GlobalSection(SolutionProperties) = preSolution
		HideSolutionNode = FALSE
	EndGlobalSection
	GlobalSection(ProjectConfigurationPlatforms) = postSolution
		{2E45C4B8-D365-4796-ADD0-5A69A0B98FF9}.Debug|Any CPU.ActiveCfg = Debug|Any CPU
		{2E45C4B8-D365-4796-ADD0-5A69A0B98FF9}.Debug|Any CPU.Build.0 = Debug|Any CPU
		{2E45C4B8-D365-4796-ADD0-5A69A0B98FF9}.Release|Any CPU.ActiveCfg = Release|Any CPU
		{2E45C4B8-D365-4796-ADD0-5A69A0B98FF9}.Release|Any CPU.Build.0 = Release|Any CPU
	EndGlobalSection
EndGlobal
